<?xml version="1.0" encoding="utf-8"?>
<Project ToolsVersion="4.0" xmlns="http://schemas.microsoft.com/developer/msbuild/2003">
  <ItemGroup>
    <Filter Include="Source Files">
      <UniqueIdentifier>{4FC737F1-C7A5-4376-A066-2A32D752A2FF}</UniqueIdentifier>
      <Extensions>cpp;c;cc;cxx;def;odl;idl;hpj;bat;asm;asmx</Extensions>
    </Filter>
    <Filter Include="Header Files">
      <UniqueIdentifier>{93995380-89BD-4b04-88EB-625FBE52EBFB}</UniqueIdentifier>
      <Extensions>h;hpp;hxx;hm;inl;inc;xsd</Extensions>
    </Filter>
    <Filter Include="Resource Files">
      <UniqueIdentifier>{67DA6AB6-F800-4c08-8B7A-83BB121AAD01}</UniqueIdentifier>
      <Extensions>rc;ico;cur;bmp;dlg;rc2;rct;bin;rgs;gif;jpg;jpeg;jpe;resx;tiff;tif;png;wav;mfcribbon-ms</Extensions>
    </Filter>
    <Filter Include="Source Files\Game Components">
      <UniqueIdentifier>{274521c8-1d5a-46b2-9e48-ca86d610d2da}</UniqueIdentifier>
    </Filter>
    <Filter Include="Source Files\Game Components\_TEAL">
      <UniqueIdentifier>{381e70dc-8908-40b2-8bd5-c82f2da9ecde}</UniqueIdentifier>
    </Filter>
    <Filter Include="Source Files\Game Components\_ TEAL Resources">
      <UniqueIdentifier>{74cb38bc-e5a5-473b-9c38-1562da913636}</UniqueIdentifier>
    </Filter>
    <Filter Include="Source Files\Game Components\_TEAL\Asset Management">
      <UniqueIdentifier>{c78fb845-6d67-4dc6-8a1e-75199f5d0435}</UniqueIdentifier>
    </Filter>
    <Filter Include="Source Files\Game Components\_TEAL\Collision Management">
      <UniqueIdentifier>{25152d78-3b70-4568-8f3f-c86df9c7838f}</UniqueIdentifier>
    </Filter>
    <Filter Include="Source Files\Game Components\_TEAL\Collision Management\CollisionInfo">
      <UniqueIdentifier>{643b812d-f8e4-4933-ba38-c2625f72d0f6}</UniqueIdentifier>
    </Filter>
    <Filter Include="Source Files\Game Components\_TEAL\Game and Scene Management">
      <UniqueIdentifier>{407b3ec4-f684-476b-bf40-247b968bfcf1}</UniqueIdentifier>
    </Filter>
    <Filter Include="Source Files\Game Components\_TEAL\Time Management">
      <UniqueIdentifier>{3183889c-b81e-4a6c-9aed-c985bab02295}</UniqueIdentifier>
    </Filter>
    <Filter Include="Source Files\Game Components\_TEAL\Tools and Visualizers">
      <UniqueIdentifier>{fe2cc02b-e700-49c7-a53c-0c2e40f68d56}</UniqueIdentifier>
    </Filter>
    <Filter Include="Source Files\Game Components\_TEAL\User Base Classes">
      <UniqueIdentifier>{409825d2-ebc2-4122-98c2-52be09427ea8}</UniqueIdentifier>
    </Filter>
    <Filter Include="Source Files\Game Components\_TEAL\Window and Event Management">
      <UniqueIdentifier>{b170d022-c058-4e94-b847-9689da64a5a4}</UniqueIdentifier>
    </Filter>
    <Filter Include="Source Files\Game Components\MemTracker">
      <UniqueIdentifier>{6aa26312-0dc7-4e0b-a57b-10643a0ba7cf}</UniqueIdentifier>
    </Filter>
    <Filter Include="Source Files\Game Components\_ TEAL StartEnd">
      <UniqueIdentifier>{b418356e-6a6a-44bf-8d1e-4984e9f4c008}</UniqueIdentifier>
    </Filter>
    <Filter Include="Source Files\Game Components\Player">
      <UniqueIdentifier>{dab7de9b-8050-4a13-a135-d257a654bf86}</UniqueIdentifier>
    </Filter>
    <Filter Include="Source Files\Game Components\Mushrooms">
      <UniqueIdentifier>{37d2a266-17ff-48a5-bb17-ac3f5bbcc0d8}</UniqueIdentifier>
    </Filter>
    <Filter Include="Source Files\Game Components\Spider">
      <UniqueIdentifier>{c675e509-9249-4cf1-bf99-d5fd54d38121}</UniqueIdentifier>
    </Filter>
    <Filter Include="Source Files\Game Components\Flea">
      <UniqueIdentifier>{4a4f3f0e-3065-42e7-a62b-28fd1f57b26b}</UniqueIdentifier>
    </Filter>
    <Filter Include="Source Files\Game Components\Scorpion">
      <UniqueIdentifier>{e4ecb01b-3415-4ec0-9ad8-0665883df9ea}</UniqueIdentifier>
    </Filter>
    <Filter Include="Source Files\Game Components\Bullet">
      <UniqueIdentifier>{3b6abf9d-8085-4c44-a705-68545c85dd5f}</UniqueIdentifier>
    </Filter>
    <Filter Include="Source Files\Game Components\Centipede">
      <UniqueIdentifier>{b9e9fc52-6024-452a-a02c-60e75b4fb53e}</UniqueIdentifier>
    </Filter>
    <Filter Include="Source Files\Game Components\CentipedeMoveStates">
      <UniqueIdentifier>{e065b43a-1b70-4404-a60d-44942e1a13a2}</UniqueIdentifier>
    </Filter>
    <Filter Include="Source Files\Game Components\CentipedeBody">
      <UniqueIdentifier>{8df0b1c8-1e2e-4d43-a3a2-563e99abe2e5}</UniqueIdentifier>
    </Filter>
    <Filter Include="Source Files\Game Components\Explosions">
      <UniqueIdentifier>{c454669a-1536-412a-87d9-23f56012fe4c}</UniqueIdentifier>
    </Filter>
    <Filter Include="Source Files\Game Components\GameManager">
      <UniqueIdentifier>{5c76e640-e439-4973-89bb-d6b87e4a005a}</UniqueIdentifier>
    </Filter>
    <Filter Include="Source Files\Game Components\Inputs">
      <UniqueIdentifier>{8dcafcae-c081-499c-80c2-b1c79e1d0fc0}</UniqueIdentifier>
    </Filter>
    <Filter Include="Source Files\Game Components\ScoreManager">
      <UniqueIdentifier>{e1111fe0-50f2-4200-acfd-c9be19de86d9}</UniqueIdentifier>
    </Filter>
    <Filter Include="Source Files\Game Components\Waves">
      <UniqueIdentifier>{bc71df86-903b-465e-a0af-4465aa7747a0}</UniqueIdentifier>
    </Filter>
    <Filter Include="Source Files\Game Components\Text">
      <UniqueIdentifier>{6bc97916-2321-4d3f-bb3f-e609e4d60f87}</UniqueIdentifier>
    </Filter>
    <Filter Include="Source Files\Game Components\UI">
      <UniqueIdentifier>{1f386f00-080c-4953-8848-7da1b5137bbb}</UniqueIdentifier>
    </Filter>
    <Filter Include="Source Files\Game Components\BaseCritter">
      <UniqueIdentifier>{d8e3c2d9-9d32-4ecd-bd86-cfc4ff8f1e2b}</UniqueIdentifier>
    </Filter>
    <Filter Include="Source Files\Game Components\CritterList">
      <UniqueIdentifier>{f87b16bb-97db-45be-b270-f1e6896cb320}</UniqueIdentifier>
    </Filter>
    <Filter Include="Source Files\Game Components\MushroomRegen">
      <UniqueIdentifier>{50a9347e-a37e-4440-a7c9-fe89894ed146}</UniqueIdentifier>
    </Filter>
    <Filter Include="Source Files\Game Components\SoundManager">
      <UniqueIdentifier>{c3b235ec-e2a4-4d98-9e40-2c4edb34a4f6}</UniqueIdentifier>
    </Filter>
    <Filter Include="Source Files\Game Components\Levels">
      <UniqueIdentifier>{3c021c72-1bd1-4cdd-a0e9-02d9ff4c67e7}</UniqueIdentifier>
    </Filter>
  </ItemGroup>
  <ItemGroup>
    <ClCompile Include="Game Components\TEAL\LoadAllResources.cpp">
      <Filter>Source Files\Game Components\_ TEAL Resources</Filter>
    </ClCompile>
    <ClCompile Include="Game Components\TEAL\AnimatedSprite.cpp">
      <Filter>Source Files\Game Components\_TEAL\Asset Management</Filter>
    </ClCompile>
    <ClCompile Include="Game Components\TEAL\ResourceManager.cpp">
      <Filter>Source Files\Game Components\_TEAL\Asset Management</Filter>
    </ClCompile>
    <ClCompile Include="Game Components\TEAL\CollisionInfoAABB.cpp">
      <Filter>Source Files\Game Components\_TEAL\Collision Management\CollisionInfo</Filter>
    </ClCompile>
    <ClCompile Include="Game Components\TEAL\CollisionInfoShape.cpp">
      <Filter>Source Files\Game Components\_TEAL\Collision Management\CollisionInfo</Filter>
    </ClCompile>
    <ClCompile Include="Game Components\TEAL\CollisionInfoSprite.cpp">
      <Filter>Source Files\Game Components\_TEAL\Collision Management\CollisionInfo</Filter>
    </ClCompile>
    <ClCompile Include="Game Components\TEAL\CollisionManager.cpp">
      <Filter>Source Files\Game Components\_TEAL\Collision Management</Filter>
    </ClCompile>
    <ClCompile Include="Game Components\TEAL\CollisionTools.cpp">
      <Filter>Source Files\Game Components\_TEAL\Collision Management</Filter>
    </ClCompile>
    <ClCompile Include="Game Components\TEAL\Game.cpp">
      <Filter>Source Files\Game Components\_TEAL\Game and Scene Management</Filter>
    </ClCompile>
    <ClCompile Include="Game Components\TEAL\SceneManager.cpp">
      <Filter>Source Files\Game Components\_TEAL\Game and Scene Management</Filter>
    </ClCompile>
    <ClCompile Include="Game Components\TEAL\AlarmEventTimeline.cpp">
      <Filter>Source Files\Game Components\_TEAL\Time Management</Filter>
    </ClCompile>
    <ClCompile Include="Game Components\TEAL\AlarmManager.cpp">
      <Filter>Source Files\Game Components\_TEAL\Time Management</Filter>
    </ClCompile>
    <ClCompile Include="Game Components\TEAL\ConsoleMsg.cpp">
      <Filter>Source Files\Game Components\_TEAL\Tools and Visualizers</Filter>
    </ClCompile>
    <ClCompile Include="Game Components\TEAL\TEALShow.cpp">
      <Filter>Source Files\Game Components\_TEAL\Tools and Visualizers</Filter>
    </ClCompile>
    <ClCompile Include="Game Components\TEAL\Tools.cpp">
      <Filter>Source Files\Game Components\_TEAL\Tools and Visualizers</Filter>
    </ClCompile>
    <ClCompile Include="Game Components\TEAL\GameObject.cpp">
      <Filter>Source Files\Game Components\_TEAL\User Base Classes</Filter>
    </ClCompile>
    <ClCompile Include="Game Components\TEAL\Scene.cpp">
      <Filter>Source Files\Game Components\_TEAL\User Base Classes</Filter>
    </ClCompile>
    <ClCompile Include="Game Components\TEAL\InputEventManager.cpp">
      <Filter>Source Files\Game Components\_TEAL\Window and Event Management</Filter>
    </ClCompile>
    <ClCompile Include="Game Components\TEAL\WindowManager.cpp">
      <Filter>Source Files\Game Components\_TEAL\Window and Event Management</Filter>
    </ClCompile>
    <ClCompile Include="main.cpp">
      <Filter>Source Files\Game Components\_TEAL\Game and Scene Management</Filter>
    </ClCompile>
    <ClCompile Include="Game Components\TEAL\CollisionInfoAABBfromShape.cpp">
      <Filter>Source Files\Game Components\_TEAL\Collision Management\CollisionInfo</Filter>
    </ClCompile>
    <ClCompile Include="Game Components\TEAL\CollisionInfoAABBfromSprite.cpp">
      <Filter>Source Files\Game Components\_TEAL\Collision Management\CollisionInfo</Filter>
    </ClCompile>
    <ClCompile Include="Game Components\FirstScene.cpp">
      <Filter>Source Files\Game Components</Filter>
    </ClCompile>
    <ClCompile Include="Game Components\TEAL\GameClock.cpp">
      <Filter>Source Files\Game Components\_TEAL\Time Management</Filter>
    </ClCompile>
    <ClCompile Include="Game Components\TEAL\GameEnd.cpp">
      <Filter>Source Files\Game Components\_ TEAL StartEnd</Filter>
    </ClCompile>
    <ClCompile Include="Game Components\TEAL\GameStart.cpp">
      <Filter>Source Files\Game Components\_ TEAL StartEnd</Filter>
    </ClCompile>
    <ClCompile Include="Level1.cpp">
      <Filter>Source Files\Game Components\Levels</Filter>
    </ClCompile>
    <ClCompile Include="Player.cpp">
      <Filter>Source Files\Game Components\Player</Filter>
    </ClCompile>
    <ClCompile Include="Mushroom.cpp">
      <Filter>Source Files\Game Components\Mushrooms</Filter>
    </ClCompile>
    <ClCompile Include="MushroomManager.cpp">
      <Filter>Source Files\Game Components\Mushrooms</Filter>
    </ClCompile>
    <ClCompile Include="SpiderManager.cpp">
      <Filter>Source Files\Game Components\Spider</Filter>
    </ClCompile>
    <ClCompile Include="Spider.cpp">
      <Filter>Source Files\Game Components\Spider</Filter>
    </ClCompile>
    <ClCompile Include="FleaManager.cpp">
      <Filter>Source Files\Game Components\Flea</Filter>
    </ClCompile>
    <ClCompile Include="Flea.cpp">
      <Filter>Source Files\Game Components\Flea</Filter>
    </ClCompile>
    <ClCompile Include="FleaFactory.cpp">
      <Filter>Source Files\Game Components\Flea</Filter>
    </ClCompile>
    <ClCompile Include="FleaPool.cpp">
      <Filter>Source Files\Game Components\Flea</Filter>
    </ClCompile>
    <ClCompile Include="Scorpion.cpp">
      <Filter>Source Files\Game Components\Scorpion</Filter>
    </ClCompile>
    <ClCompile Include="ScorpionManager.cpp">
      <Filter>Source Files\Game Components\Scorpion</Filter>
    </ClCompile>
    <ClCompile Include="ScorpionFactory.cpp">
      <Filter>Source Files\Game Components\Scorpion</Filter>
    </ClCompile>
    <ClCompile Include="ScorpionPool.cpp">
      <Filter>Source Files\Game Components\Scorpion</Filter>
    </ClCompile>
    <ClCompile Include="Bullet.cpp">
      <Filter>Source Files\Game Components\Bullet</Filter>
    </ClCompile>
    <ClCompile Include="PlayerFactory.cpp">
      <Filter>Source Files\Game Components\Player</Filter>
    </ClCompile>
    <ClCompile Include="PlayerPool.cpp">
      <Filter>Source Files\Game Components\Player</Filter>
    </ClCompile>
    <ClCompile Include="Centipede.cpp">
      <Filter>Source Files\Game Components\Centipede</Filter>
    </ClCompile>
    <ClCompile Include="CentipedeFactory.cpp">
      <Filter>Source Files\Game Components\Centipede</Filter>
    </ClCompile>
    <ClCompile Include="CentipedePool.cpp">
      <Filter>Source Files\Game Components\Centipede</Filter>
    </ClCompile>
    <ClCompile Include="RightAndUp.cpp">
      <Filter>Source Files\Game Components\CentipedeMoveStates</Filter>
    </ClCompile>
    <ClCompile Include="RightAndDown.cpp">
      <Filter>Source Files\Game Components\CentipedeMoveStates</Filter>
    </ClCompile>
    <ClCompile Include="LeftAndDown.cpp">
      <Filter>Source Files\Game Components\CentipedeMoveStates</Filter>
    </ClCompile>
    <ClCompile Include="LeftAndUp.cpp">
      <Filter>Source Files\Game Components\CentipedeMoveStates</Filter>
    </ClCompile>
    <ClCompile Include="DownAndLeft.cpp">
      <Filter>Source Files\Game Components\CentipedeMoveStates</Filter>
    </ClCompile>
    <ClCompile Include="UpAndRight.cpp">
      <Filter>Source Files\Game Components\CentipedeMoveStates</Filter>
    </ClCompile>
    <ClCompile Include="DownAndRight.cpp">
      <Filter>Source Files\Game Components\CentipedeMoveStates</Filter>
    </ClCompile>
    <ClCompile Include="UpAndLeft.cpp">
      <Filter>Source Files\Game Components\CentipedeMoveStates</Filter>
    </ClCompile>
    <ClCompile Include="MovementList.cpp">
      <Filter>Source Files\Game Components\CentipedeMoveStates</Filter>
    </ClCompile>
    <ClCompile Include="Nothing.cpp">
      <Filter>Source Files\Game Components\CentipedeMoveStates</Filter>
    </ClCompile>
    <ClCompile Include="PoisonAndRight.cpp">
      <Filter>Source Files\Game Components\CentipedeMoveStates</Filter>
    </ClCompile>
    <ClCompile Include="PoisonAndLeft.cpp">
      <Filter>Source Files\Game Components\CentipedeMoveStates</Filter>
    </ClCompile>
    <ClCompile Include="SpiderFactory.cpp">
      <Filter>Source Files\Game Components\Spider</Filter>
    </ClCompile>
    <ClCompile Include="SpiderPool.cpp">
      <Filter>Source Files\Game Components\Spider</Filter>
    </ClCompile>
    <ClCompile Include="CentipedeBody.cpp">
      <Filter>Source Files\Game Components\CentipedeBody</Filter>
    </ClCompile>
    <ClCompile Include="CentipedeBodyFactory.cpp">
      <Filter>Source Files\Game Components\CentipedeBody</Filter>
    </ClCompile>
    <ClCompile Include="CentipedeBodyPool.cpp">
      <Filter>Source Files\Game Components\CentipedeBody</Filter>
    </ClCompile>
    <ClCompile Include="Explosion.cpp">
      <Filter>Source Files\Game Components\Explosions</Filter>
    </ClCompile>
    <ClCompile Include="ExplosionFactory.cpp">
      <Filter>Source Files\Game Components\Explosions</Filter>
    </ClCompile>
    <ClCompile Include="ExplosionPool.cpp">
      <Filter>Source Files\Game Components\Explosions</Filter>
    </ClCompile>
    <ClCompile Include="GameManager.cpp">
      <Filter>Source Files\Game Components\GameManager</Filter>
    </ClCompile>
    <ClCompile Include="BulletFactory.cpp">
      <Filter>Source Files\Game Components\Bullet</Filter>
    </ClCompile>
    <ClCompile Include="BulletPool.cpp">
      <Filter>Source Files\Game Components\Bullet</Filter>
    </ClCompile>
    <ClCompile Include="InputManager.cpp">
      <Filter>Source Files\Game Components\Inputs</Filter>
    </ClCompile>
    <ClCompile Include="KeyboardManager.cpp">
      <Filter>Source Files\Game Components\Inputs</Filter>
    </ClCompile>
    <ClCompile Include="ScoreManager.cpp">
      <Filter>Source Files\Game Components\ScoreManager</Filter>
    </ClCompile>
    <ClCompile Include="CmdDistance.cpp">
      <Filter>Source Files\Game Components\ScoreManager</Filter>
    </ClCompile>
    <ClCompile Include="CmdValue.cpp">
      <Filter>Source Files\Game Components\ScoreManager</Filter>
    </ClCompile>
    <ClCompile Include="MushroomFactory.cpp">
      <Filter>Source Files\Game Components\Mushrooms</Filter>
    </ClCompile>
    <ClCompile Include="MushroomPool.cpp">
      <Filter>Source Files\Game Components\Mushrooms</Filter>
    </ClCompile>
    <ClCompile Include="GameAlarm.cpp">
      <Filter>Source Files\Game Components\GameManager</Filter>
    </ClCompile>
    <ClCompile Include="WaveClass.cpp">
      <Filter>Source Files\Game Components\Waves</Filter>
    </ClCompile>
    <ClCompile Include="CentiFont.cpp">
      <Filter>Source Files\Game Components\Text</Filter>
    </ClCompile>
    <ClCompile Include="Glyph.cpp">
      <Filter>Source Files\Game Components\Text</Filter>
    </ClCompile>
    <ClCompile Include="GlyphString.cpp">
      <Filter>Source Files\Game Components\Text</Filter>
    </ClCompile>
    <ClCompile Include="SpriteSheet.cpp">
      <Filter>Source Files\Game Components\Text</Filter>
    </ClCompile>
    <ClCompile Include="UI.cpp">
      <Filter>Source Files\Game Components\UI</Filter>
    </ClCompile>
    <ClCompile Include="Critter.cpp">
      <Filter>Source Files\Game Components\BaseCritter</Filter>
    </ClCompile>
    <ClCompile Include="CritterList.cpp">
      <Filter>Source Files\Game Components\CritterList</Filter>
    </ClCompile>
    <ClCompile Include="PlayerManager.cpp">
      <Filter>Source Files\Game Components\Player</Filter>
    </ClCompile>
    <ClCompile Include="RegenFactory.cpp">
      <Filter>Source Files\Game Components\MushroomRegen</Filter>
    </ClCompile>
    <ClCompile Include="RegenPool.cpp">
      <Filter>Source Files\Game Components\MushroomRegen</Filter>
    </ClCompile>
    <ClCompile Include="Regen.cpp">
      <Filter>Source Files\Game Components\MushroomRegen</Filter>
    </ClCompile>
    <ClCompile Include="SndSingle.cpp">
      <Filter>Source Files\Game Components\SoundManager</Filter>
    </ClCompile>
    <ClCompile Include="SndRepeat.cpp">
      <Filter>Source Files\Game Components\SoundManager</Filter>
    </ClCompile>
    <ClCompile Include="SoundManager.cpp">
      <Filter>Source Files\Game Components\SoundManager</Filter>
    </ClCompile>
    <ClCompile Include="Attractor.cpp">
      <Filter>Source Files\Game Components\Levels</Filter>
    </ClCompile>
    <ClCompile Include="AIManager.cpp">
      <Filter>Source Files\Game Components\Inputs</Filter>
    </ClCompile>
    <ClCompile Include="AttractorInput.cpp">
      <Filter>Source Files\Game Components\GameManager</Filter>
    </ClCompile>
    <ClCompile Include="AttractorUI.cpp">
      <Filter>Source Files\Game Components\UI</Filter>
    </ClCompile>
    <ClCompile Include="Indestructible.cpp">
      <Filter>Source Files\Game Components\Mushrooms</Filter>
    </ClCompile>
    <ClCompile Include="PlayerInput.cpp">
      <Filter>Source Files\Game Components\UI</Filter>
    </ClCompile>
  </ItemGroup>
  <ItemGroup>
    <ClInclude Include="Game Components\TEAL\AnimatedSprite.h">
      <Filter>Source Files\Game Components\_TEAL\Asset Management</Filter>
    </ClInclude>
    <ClInclude Include="Game Components\TEAL\ResourceManager.h">
      <Filter>Source Files\Game Components\_TEAL\Asset Management</Filter>
    </ClInclude>
    <ClInclude Include="Game Components\TEAL\CollisionInfo.h">
      <Filter>Source Files\Game Components\_TEAL\Collision Management\CollisionInfo</Filter>
    </ClInclude>
    <ClInclude Include="Game Components\TEAL\CollisionInfoSprite.h">
      <Filter>Source Files\Game Components\_TEAL\Collision Management\CollisionInfo</Filter>
    </ClInclude>
    <ClInclude Include="Game Components\TEAL\CollisionInfoAABB.h">
      <Filter>Source Files\Game Components\_TEAL\Collision Management\CollisionInfo</Filter>
    </ClInclude>
    <ClInclude Include="Game Components\TEAL\CollisionInfoAABBfromShape.h">
      <Filter>Source Files\Game Components\_TEAL\Collision Management\CollisionInfo</Filter>
    </ClInclude>
    <ClInclude Include="Game Components\TEAL\CollisionInfoAABBfromSprite.h">
      <Filter>Source Files\Game Components\_TEAL\Collision Management\CollisionInfo</Filter>
    </ClInclude>
    <ClInclude Include="Game Components\TEAL\CollisionInfoShape.h">
      <Filter>Source Files\Game Components\_TEAL\Collision Management\CollisionInfo</Filter>
    </ClInclude>
    <ClInclude Include="Game Components\TEAL\CollisionGrid.h">
      <Filter>Source Files\Game Components\_TEAL\Collision Management</Filter>
    </ClInclude>
    <ClInclude Include="Game Components\TEAL\CollisionTools.h">
      <Filter>Source Files\Game Components\_TEAL\Collision Management</Filter>
    </ClInclude>
    <ClInclude Include="Game Components\TEAL\CollisionGridBase.h">
      <Filter>Source Files\Game Components\_TEAL\Collision Management</Filter>
    </ClInclude>
    <ClInclude Include="Game Components\TEAL\CollisionManager.h">
      <Filter>Source Files\Game Components\_TEAL\Collision Management</Filter>
    </ClInclude>
    <ClInclude Include="Game Components\TEAL\Game.h">
      <Filter>Source Files\Game Components\_TEAL\Game and Scene Management</Filter>
    </ClInclude>
    <ClInclude Include="Game Components\TEAL\SceneManager.h">
      <Filter>Source Files\Game Components\_TEAL\Game and Scene Management</Filter>
    </ClInclude>
    <ClInclude Include="Game Components\TEAL\AlarmEventTimeline.h">
      <Filter>Source Files\Game Components\_TEAL\Time Management</Filter>
    </ClInclude>
    <ClInclude Include="Game Components\TEAL\AlarmManager.h">
      <Filter>Source Files\Game Components\_TEAL\Time Management</Filter>
    </ClInclude>
    <ClInclude Include="Game Components\TEAL\CommonElements.h">
      <Filter>Source Files\Game Components\_TEAL\Tools and Visualizers</Filter>
    </ClInclude>
    <ClInclude Include="Game Components\TEAL\ConsoleMsg.h">
      <Filter>Source Files\Game Components\_TEAL\Tools and Visualizers</Filter>
    </ClInclude>
    <ClInclude Include="Game Components\TEAL\doxygendata.h">
      <Filter>Source Files\Game Components\_TEAL\Tools and Visualizers</Filter>
    </ClInclude>
    <ClInclude Include="Game Components\TEAL\TEALShow.h">
      <Filter>Source Files\Game Components\_TEAL\Tools and Visualizers</Filter>
    </ClInclude>
    <ClInclude Include="Game Components\TEAL\Tools.h">
      <Filter>Source Files\Game Components\_TEAL\Tools and Visualizers</Filter>
    </ClInclude>
    <ClInclude Include="Game Components\TEAL\GameObject.h">
      <Filter>Source Files\Game Components\_TEAL\User Base Classes</Filter>
    </ClInclude>
    <ClInclude Include="Game Components\TEAL\Scene.h">
      <Filter>Source Files\Game Components\_TEAL\User Base Classes</Filter>
    </ClInclude>
    <ClInclude Include="Game Components\TEAL\GlobalDefinitions.h">
      <Filter>Source Files\Game Components\_TEAL\Window and Event Management</Filter>
    </ClInclude>
    <ClInclude Include="Game Components\TEAL\WindowManager.h">
      <Filter>Source Files\Game Components\_TEAL\Window and Event Management</Filter>
    </ClInclude>
    <ClInclude Include="Game Components\TEAL\InputEventManager.h">
      <Filter>Source Files\Game Components\_TEAL\Window and Event Management</Filter>
    </ClInclude>
    <ClInclude Include="Game Components\FirstScene.h">
      <Filter>Source Files\Game Components</Filter>
    </ClInclude>
    <ClInclude Include="Game Components\TEAL\GameClock.h">
      <Filter>Source Files\Game Components\_TEAL\Time Management</Filter>
    </ClInclude>
    <ClInclude Include="Game Components\MemTracker\Framework.h">
      <Filter>Source Files\Game Components\MemTracker</Filter>
    </ClInclude>
    <ClInclude Include="Level1.h">
      <Filter>Source Files\Game Components\Levels</Filter>
    </ClInclude>
    <ClInclude Include="Player.h">
      <Filter>Source Files\Game Components\Player</Filter>
    </ClInclude>
    <ClInclude Include="Mushroom.h">
      <Filter>Source Files\Game Components\Mushrooms</Filter>
    </ClInclude>
    <ClInclude Include="MushroomManager.h">
      <Filter>Source Files\Game Components\Mushrooms</Filter>
    </ClInclude>
    <ClInclude Include="SpiderManager.h">
      <Filter>Source Files\Game Components\Spider</Filter>
    </ClInclude>
    <ClInclude Include="Spider.h">
      <Filter>Source Files\Game Components\Spider</Filter>
    </ClInclude>
    <ClInclude Include="FleaManager.h">
      <Filter>Source Files\Game Components\Flea</Filter>
    </ClInclude>
    <ClInclude Include="Flea.h">
      <Filter>Source Files\Game Components\Flea</Filter>
    </ClInclude>
    <ClInclude Include="FleaFactory.h">
      <Filter>Source Files\Game Components\Flea</Filter>
    </ClInclude>
    <ClInclude Include="FleaPool.h">
      <Filter>Source Files\Game Components\Flea</Filter>
    </ClInclude>
    <ClInclude Include="Scorpion.h">
      <Filter>Source Files\Game Components\Scorpion</Filter>
    </ClInclude>
    <ClInclude Include="ScorpionManager.h">
      <Filter>Source Files\Game Components\Scorpion</Filter>
    </ClInclude>
    <ClInclude Include="ScorpionFactory.h">
      <Filter>Source Files\Game Components\Scorpion</Filter>
    </ClInclude>
    <ClInclude Include="ScorpionPool.h">
      <Filter>Source Files\Game Components\Scorpion</Filter>
    </ClInclude>
    <ClInclude Include="Bullet.h">
      <Filter>Source Files\Game Components\Bullet</Filter>
    </ClInclude>
    <ClInclude Include="PlayerFactory.h">
      <Filter>Source Files\Game Components\Player</Filter>
    </ClInclude>
    <ClInclude Include="PlayerPool.h">
      <Filter>Source Files\Game Components\Player</Filter>
    </ClInclude>
    <ClInclude Include="Centipede.h">
      <Filter>Source Files\Game Components\Centipede</Filter>
    </ClInclude>
    <ClInclude Include="CentipedeFactory.h">
      <Filter>Source Files\Game Components\Centipede</Filter>
    </ClInclude>
    <ClInclude Include="CentipedePool.h">
      <Filter>Source Files\Game Components\Centipede</Filter>
    </ClInclude>
    <ClInclude Include="MoveList.h">
      <Filter>Source Files\Game Components\CentipedeMoveStates</Filter>
    </ClInclude>
    <ClInclude Include="RightAndUp.h">
      <Filter>Source Files\Game Components\CentipedeMoveStates</Filter>
    </ClInclude>
    <ClInclude Include="BaseMoveClass.h">
      <Filter>Source Files\Game Components\CentipedeMoveStates</Filter>
    </ClInclude>
    <ClInclude Include="RightAndDown.h">
      <Filter>Source Files\Game Components\CentipedeMoveStates</Filter>
    </ClInclude>
    <ClInclude Include="LeftAndDown.h">
      <Filter>Source Files\Game Components\CentipedeMoveStates</Filter>
    </ClInclude>
    <ClInclude Include="LeftAndUp.h">
      <Filter>Source Files\Game Components\CentipedeMoveStates</Filter>
    </ClInclude>
    <ClInclude Include="DownAndLeft.h">
      <Filter>Source Files\Game Components\CentipedeMoveStates</Filter>
    </ClInclude>
    <ClInclude Include="UpAndRight.h">
      <Filter>Source Files\Game Components\CentipedeMoveStates</Filter>
    </ClInclude>
    <ClInclude Include="DownAndRight.h">
      <Filter>Source Files\Game Components\CentipedeMoveStates</Filter>
    </ClInclude>
    <ClInclude Include="UpAndLeft.h">
      <Filter>Source Files\Game Components\CentipedeMoveStates</Filter>
    </ClInclude>
    <ClInclude Include="MovementList.h">
      <Filter>Source Files\Game Components\CentipedeMoveStates</Filter>
    </ClInclude>
    <ClInclude Include="Nothing.h">
      <Filter>Source Files\Game Components\CentipedeMoveStates</Filter>
    </ClInclude>
    <ClInclude Include="PoisonAndRight.h">
      <Filter>Source Files\Game Components\CentipedeMoveStates</Filter>
    </ClInclude>
    <ClInclude Include="PoisonAndLeft.h">
      <Filter>Source Files\Game Components\CentipedeMoveStates</Filter>
    </ClInclude>
    <ClInclude Include="SpiderFactory.h">
      <Filter>Source Files\Game Components\Spider</Filter>
    </ClInclude>
    <ClInclude Include="SpiderPool.h">
      <Filter>Source Files\Game Components\Spider</Filter>
    </ClInclude>
    <ClInclude Include="CentipedeBody.h">
      <Filter>Source Files\Game Components\CentipedeBody</Filter>
    </ClInclude>
    <ClInclude Include="CentipedeBodyFactory.h">
      <Filter>Source Files\Game Components\CentipedeBody</Filter>
    </ClInclude>
    <ClInclude Include="CentipedeBodyPool.h">
      <Filter>Source Files\Game Components\CentipedeBody</Filter>
    </ClInclude>
    <ClInclude Include="CentipedeBase.h">
      <Filter>Source Files\Game Components\Centipede</Filter>
    </ClInclude>
    <ClInclude Include="Explosion.h">
      <Filter>Source Files\Game Components\Explosions</Filter>
    </ClInclude>
    <ClInclude Include="ExplosionFactory.h">
      <Filter>Source Files\Game Components\Explosions</Filter>
    </ClInclude>
    <ClInclude Include="ExplosionPool.h">
      <Filter>Source Files\Game Components\Explosions</Filter>
    </ClInclude>
    <ClInclude Include="GameManager.h">
      <Filter>Source Files\Game Components\GameManager</Filter>
    </ClInclude>
    <ClInclude Include="BulletFactory.h">
      <Filter>Source Files\Game Components\Bullet</Filter>
    </ClInclude>
    <ClInclude Include="BulletPool.h">
      <Filter>Source Files\Game Components\Bullet</Filter>
    </ClInclude>
    <ClInclude Include="InputManager.h">
      <Filter>Source Files\Game Components\Inputs</Filter>
    </ClInclude>
    <ClInclude Include="KeyboardManager.h">
      <Filter>Source Files\Game Components\Inputs</Filter>
    </ClInclude>
    <ClInclude Include="CmdScore.h">
      <Filter>Source Files\Game Components\ScoreManager</Filter>
    </ClInclude>
    <ClInclude Include="CmdValue.h">
      <Filter>Source Files\Game Components\ScoreManager</Filter>
    </ClInclude>
    <ClInclude Include="CmdDistance.h">
      <Filter>Source Files\Game Components\ScoreManager</Filter>
    </ClInclude>
    <ClInclude Include="ScoreManager.h">
      <Filter>Source Files\Game Components\ScoreManager</Filter>
    </ClInclude>
    <ClInclude Include="MushroomFactory.h">
      <Filter>Source Files\Game Components\Mushrooms</Filter>
    </ClInclude>
    <ClInclude Include="MushroomPool.h">
      <Filter>Source Files\Game Components\Mushrooms</Filter>
    </ClInclude>
    <ClInclude Include="GameAlarm.h">
      <Filter>Source Files\Game Components\GameManager</Filter>
    </ClInclude>
    <ClInclude Include="WaveClass.h">
      <Filter>Source Files\Game Components\Waves</Filter>
    </ClInclude>
    <ClInclude Include="WaveList.h">
      <Filter>Source Files\Game Components\Waves</Filter>
    </ClInclude>
    <ClInclude Include="centiFont.h">
      <Filter>Source Files\Game Components\Text</Filter>
    </ClInclude>
    <ClInclude Include="Glyph.h">
      <Filter>Source Files\Game Components\Text</Filter>
    </ClInclude>
    <ClInclude Include="GlyphString.h">
      <Filter>Source Files\Game Components\Text</Filter>
    </ClInclude>
    <ClInclude Include="SpriteSheet.h">
      <Filter>Source Files\Game Components\Text</Filter>
    </ClInclude>
    <ClInclude Include="PlayerManager.h">
      <Filter>Source Files\Game Components\Player</Filter>
    </ClInclude>
    <ClInclude Include="UI.h">
      <Filter>Source Files\Game Components\UI</Filter>
    </ClInclude>
    <ClInclude Include="Critter.h">
      <Filter>Source Files\Game Components\BaseCritter</Filter>
    </ClInclude>
    <ClInclude Include="CritterList.h">
      <Filter>Source Files\Game Components\CritterList</Filter>
    </ClInclude>
    <ClInclude Include="RegenFactory.h">
      <Filter>Source Files\Game Components\MushroomRegen</Filter>
    </ClInclude>
    <ClInclude Include="RegenPool.h">
      <Filter>Source Files\Game Components\MushroomRegen</Filter>
    </ClInclude>
    <ClInclude Include="Regen.h">
      <Filter>Source Files\Game Components\MushroomRegen</Filter>
    </ClInclude>
    <ClInclude Include="SndPlay.h">
      <Filter>Source Files\Game Components\SoundManager</Filter>
    </ClInclude>
    <ClInclude Include="SndSingle.h">
      <Filter>Source Files\Game Components\SoundManager</Filter>
    </ClInclude>
    <ClInclude Include="SndRepeat.h">
      <Filter>Source Files\Game Components\SoundManager</Filter>
    </ClInclude>
    <ClInclude Include="SoundManager.h">
      <Filter>Source Files\Game Components\SoundManager</Filter>
    </ClInclude>
    <ClInclude Include="Attractor.h">
      <Filter>Source Files\Game Components\Levels</Filter>
    </ClInclude>
    <ClInclude Include="AIManager.h">
      <Filter>Source Files\Game Components\Inputs</Filter>
    </ClInclude>
    <ClInclude Include="AttractorInput.h">
      <Filter>Source Files\Game Components\GameManager</Filter>
    </ClInclude>
    <ClInclude Include="BaseBlocker.h">
      <Filter>Source Files\Game Components\Mushrooms</Filter>
    </ClInclude>
    <ClInclude Include="AttractorUI.h">
      <Filter>Source Files\Game Components\UI</Filter>
    </ClInclude>
    <ClInclude Include="Indestructible.h">
      <Filter>Source Files\Game Components\Mushrooms</Filter>
    </ClInclude>
    <ClInclude Include="PlayerInput.h">
      <Filter>Source Files\Game Components\UI</Filter>
    </ClInclude>
  </ItemGroup>
  <ItemGroup>
    <None Include="Game Components\TEAL\_Version Information.txt">
      <Filter>Source Files\Game Components\_TEAL</Filter>
    </None>
  </ItemGroup>
</Project>